
Microsoft Visual Studio Solution File, Format Version 12.00
# Visual Studio Version 17
VisualStudioVersion = 17.3.32922.545
MinimumVisualStudioVersion = 10.0.40219.1
Project("{FAE04EC0-301F-11D3-BF4B-00C04F79EFBC}") = "ElectronicShopper", "ElectronicShopper\ElectronicShopper.csproj", "{3C0EC367-CE66-4D0F-AEDB-90B747FE3368}"
EndProject
Project("{00D1A9C2-B5F0-4AF3-8072-F6C62B433612}") = "ElectronicShopperData", "ElectronicShopperData\ElectronicShopperData.sqlproj", "{DA94891D-CC0D-4991-A860-1859857632B1}"
EndProject
Project("{2150E333-8FDC-42A3-9474-1A3956D46DE8}") = "Database", "Database", "{97B3C99A-2684-425D-B120-F96B95B050D4}"
EndProject
Project("{FAE04EC0-301F-11D3-BF4B-00C04F79EFBC}") = "ElectronicShopper.Library", "ElectronicShopper.Library\ElectronicShopper.Library.csproj", "{723C570B-136A-4233-93B3-D27EA7F387F3}"
EndProject
Project("{FAE04EC0-301F-11D3-BF4B-00C04F79EFBC}") = "ElectronicShopper.DataAccess", "ElectronicShopper.DataAccess\ElectronicShopper.DataAccess.csproj", "{6EECBE05-C2B9-40FB-A968-08CAB88C9957}"
EndProject
Project("{2150E333-8FDC-42A3-9474-1A3956D46DE8}") = "Tests", "Tests", "{6097F7E3-8C6D-48A7-A177-C0FEDD101001}"
EndProject
Project("{FAE04EC0-301F-11D3-BF4B-00C04F79EFBC}") = "ElectronicShopper.DataAccess.Tests.Integration", "ElectronicShopper.DataAccess.Tests.Integration\ElectronicShopper.DataAccess.Tests.Integration.csproj", "{37819DBB-3C06-4694-B287-B45E815F007F}"
EndProject
Global
	GlobalSection(SolutionConfigurationPlatforms) = preSolution
		Debug|Any CPU = Debug|Any CPU
		Release|Any CPU = Release|Any CPU
	EndGlobalSection
	GlobalSection(ProjectConfigurationPlatforms) = postSolution
		{3C0EC367-CE66-4D0F-AEDB-90B747FE3368}.Debug|Any CPU.ActiveCfg = Debug|Any CPU
		{3C0EC367-CE66-4D0F-AEDB-90B747FE3368}.Debug|Any CPU.Build.0 = Debug|Any CPU
		{3C0EC367-CE66-4D0F-AEDB-90B747FE3368}.Release|Any CPU.ActiveCfg = Release|Any CPU
		{3C0EC367-CE66-4D0F-AEDB-90B747FE3368}.Release|Any CPU.Build.0 = Release|Any CPU
		{DA94891D-CC0D-4991-A860-1859857632B1}.Debug|Any CPU.ActiveCfg = Debug|Any CPU
		{DA94891D-CC0D-4991-A860-1859857632B1}.Debug|Any CPU.Build.0 = Debug|Any CPU
		{DA94891D-CC0D-4991-A860-1859857632B1}.Debug|Any CPU.Deploy.0 = Debug|Any CPU
		{DA94891D-CC0D-4991-A860-1859857632B1}.Release|Any CPU.ActiveCfg = Release|Any CPU
		{DA94891D-CC0D-4991-A860-1859857632B1}.Release|Any CPU.Build.0 = Release|Any CPU
		{DA94891D-CC0D-4991-A860-1859857632B1}.Release|Any CPU.Deploy.0 = Release|Any CPU
		{723C570B-136A-4233-93B3-D27EA7F387F3}.Debug|Any CPU.ActiveCfg = Debug|Any CPU
		{723C570B-136A-4233-93B3-D27EA7F387F3}.Debug|Any CPU.Build.0 = Debug|Any CPU
		{723C570B-136A-4233-93B3-D27EA7F387F3}.Release|Any CPU.ActiveCfg = Release|Any CPU
		{723C570B-136A-4233-93B3-D27EA7F387F3}.Release|Any CPU.Build.0 = Release|Any CPU
		{6EECBE05-C2B9-40FB-A968-08CAB88C9957}.Debug|Any CPU.ActiveCfg = Debug|Any CPU
		{6EECBE05-C2B9-40FB-A968-08CAB88C9957}.Debug|Any CPU.Build.0 = Debug|Any CPU
		{6EECBE05-C2B9-40FB-A968-08CAB88C9957}.Release|Any CPU.ActiveCfg = Release|Any CPU
		{6EECBE05-C2B9-40FB-A968-08CAB88C9957}.Release|Any CPU.Build.0 = Release|Any CPU
		{37819DBB-3C06-4694-B287-B45E815F007F}.Debug|Any CPU.ActiveCfg = Debug|Any CPU
		{37819DBB-3C06-4694-B287-B45E815F007F}.Debug|Any CPU.Build.0 = Debug|Any CPU
		{37819DBB-3C06-4694-B287-B45E815F007F}.Release|Any CPU.ActiveCfg = Release|Any CPU
		{37819DBB-3C06-4694-B287-B45E815F007F}.Release|Any CPU.Build.0 = Release|Any CPU
	EndGlobalSection
	GlobalSection(SolutionProperties) = preSolution
		HideSolutionNode = FALSE
	EndGlobalSection
	GlobalSection(NestedProjects) = preSolution
		{DA94891D-CC0D-4991-A860-1859857632B1} = {97B3C99A-2684-425D-B120-F96B95B050D4}
		{37819DBB-3C06-4694-B287-B45E815F007F} = {6097F7E3-8C6D-48A7-A177-C0FEDD101001}
	EndGlobalSection
	GlobalSection(ExtensibilityGlobals) = postSolution
		SolutionGuid = {858749AF-14E4-4C49-B969-1E6F5A7EA735}
	EndGlobalSection
EndGlobal
